
Microsoft Visual Studio Solution File, Format Version 12.00
# Visual Studio Version 16
VisualStudioVersion = 16.0.30621.155
MinimumVisualStudioVersion = 10.0.40219.1
Project("{9A19103F-16F7-4668-BE54-9A1E7A4F7556}") = "Desafio.ME.Domain", "Desafio.ME.Domain\Desafio.ME.Domain.csproj", "{C5A93831-D6F9-4EFC-912B-BFF8C96A2B0B}"
EndProject
Project("{9A19103F-16F7-4668-BE54-9A1E7A4F7556}") = "Desafio.ME.Infrastructure", "Desafio.ME.Infrastructure\Desafio.ME.Infrastructure.csproj", "{C15DC089-3A6A-4358-84B4-80EAE43179F9}"
EndProject
Project("{9A19103F-16F7-4668-BE54-9A1E7A4F7556}") = "Desafio.ME.Services", "Desafio.ME.Services\Desafio.ME.Services.csproj", "{370FE98C-E8E6-4210-8149-62581566E6DF}"
EndProject
Project("{9A19103F-16F7-4668-BE54-9A1E7A4F7556}") = "Desafio.ME.API", "Desafio.ME.API\Desafio.ME.API.csproj", "{1EE25C20-09D9-49EB-949C-5C2EBD88B0D2}"
EndProject
Project("{FAE04EC0-301F-11D3-BF4B-00C04F79EFBC}") = "Desafio.ME.UnitTests", "Desafio.ME.UnitTests\Desafio.ME.UnitTests.csproj", "{07B8E75F-BA5B-4343-B39F-9789E00240C7}"
EndProject
Global
	GlobalSection(SolutionConfigurationPlatforms) = preSolution
		Debug|Any CPU = Debug|Any CPU
		Release|Any CPU = Release|Any CPU
	EndGlobalSection
	GlobalSection(ProjectConfigurationPlatforms) = postSolution
		{C5A93831-D6F9-4EFC-912B-BFF8C96A2B0B}.Debug|Any CPU.ActiveCfg = Debug|Any CPU
		{C5A93831-D6F9-4EFC-912B-BFF8C96A2B0B}.Debug|Any CPU.Build.0 = Debug|Any CPU
		{C5A93831-D6F9-4EFC-912B-BFF8C96A2B0B}.Release|Any CPU.ActiveCfg = Release|Any CPU
		{C5A93831-D6F9-4EFC-912B-BFF8C96A2B0B}.Release|Any CPU.Build.0 = Release|Any CPU
		{C15DC089-3A6A-4358-84B4-80EAE43179F9}.Debug|Any CPU.ActiveCfg = Debug|Any CPU
		{C15DC089-3A6A-4358-84B4-80EAE43179F9}.Debug|Any CPU.Build.0 = Debug|Any CPU
		{C15DC089-3A6A-4358-84B4-80EAE43179F9}.Release|Any CPU.ActiveCfg = Release|Any CPU
		{C15DC089-3A6A-4358-84B4-80EAE43179F9}.Release|Any CPU.Build.0 = Release|Any CPU
		{370FE98C-E8E6-4210-8149-62581566E6DF}.Debug|Any CPU.ActiveCfg = Debug|Any CPU
		{370FE98C-E8E6-4210-8149-62581566E6DF}.Debug|Any CPU.Build.0 = Debug|Any CPU
		{370FE98C-E8E6-4210-8149-62581566E6DF}.Release|Any CPU.ActiveCfg = Release|Any CPU
		{370FE98C-E8E6-4210-8149-62581566E6DF}.Release|Any CPU.Build.0 = Release|Any CPU
		{1EE25C20-09D9-49EB-949C-5C2EBD88B0D2}.Debug|Any CPU.ActiveCfg = Debug|Any CPU
		{1EE25C20-09D9-49EB-949C-5C2EBD88B0D2}.Debug|Any CPU.Build.0 = Debug|Any CPU
		{1EE25C20-09D9-49EB-949C-5C2EBD88B0D2}.Release|Any CPU.ActiveCfg = Release|Any CPU
		{1EE25C20-09D9-49EB-949C-5C2EBD88B0D2}.Release|Any CPU.Build.0 = Release|Any CPU
		{07B8E75F-BA5B-4343-B39F-9789E00240C7}.Debug|Any CPU.ActiveCfg = Debug|Any CPU
		{07B8E75F-BA5B-4343-B39F-9789E00240C7}.Debug|Any CPU.Build.0 = Debug|Any CPU
		{07B8E75F-BA5B-4343-B39F-9789E00240C7}.Release|Any CPU.ActiveCfg = Release|Any CPU
		{07B8E75F-BA5B-4343-B39F-9789E00240C7}.Release|Any CPU.Build.0 = Release|Any CPU
	EndGlobalSection
	GlobalSection(SolutionProperties) = preSolution
		HideSolutionNode = FALSE
	EndGlobalSection
	GlobalSection(ExtensibilityGlobals) = postSolution
		SolutionGuid = {31A456FD-D5B5-4CD0-B95C-80B417F87395}
	EndGlobalSection
EndGlobal
